dependencies:
- name: corteza
  repository: https://origoss-labs.github.io/charts/
  version: 1.0.8
- name: nginx-ingress-controller
  repository: https://charts.bitnami.com/bitnami
  version: 11.6.25
- name: cert-manager
  repository: https://charts.jetstack.io
  version: v1.18.1
digest: sha256:878ea9e5664493472d4221044612ae7e647bec43fed9dda8fe73bc42e00197f9
generated: "2025-06-27T10:03:39.369141057+02:00"
