dependencies:
- name: corteza
  repository: https://origoss-labs.github.io/charts/
  version: 1.0.7
- name: nginx-ingress-controller
  repository: https://charts.bitnami.com/bitnami
  version: 11.6.25
- name: cert-manager
  repository: https://charts.jetstack.io
  version: v1.18.1
digest: sha256:3749f2cb700f5eb47f1551dd68ce364b7fa00f8466081ad761d2f0a8ab9d9036
generated: "2025-06-26T15:25:08.729736415+02:00"
